
Microsoft Visual Studio Solution File, Format Version 11.00
# Visual Studio 2010
Project("{FAE04EC0-301F-11D3-BF4B-00C04F79EFBC}") = "CGPipelineClassLibrary", "CGPipelineClassLibrary\CGPipelineClassLibrary.csproj", "{E73DBBD4-9946-42ED-99F9-B5F4B6CED9A9}"
EndProject
Project("{FAE04EC0-301F-11D3-BF4B-00C04F79EFBC}") = "GPUnitTestClass", "GPUnitTestClass\GPUnitTestClass.csproj", "{4C9613AF-3522-449F-9E3F-1060CA5721CA}"
EndProject
Project("{2150E333-8FDC-42A3-9474-1A3956D46DE8}") = "Solution Items", "Solution Items", "{6F51E087-5170-4027-A83C-ABA19339C9E9}"
	ProjectSection(SolutionItems) = preProject
		CGPipelineClassLibrary.vsmdi = CGPipelineClassLibrary.vsmdi
		Local.testsettings = Local.testsettings
		TraceAndTestImpact.testsettings = TraceAndTestImpact.testsettings
	EndProjectSection
EndProject
Global
	GlobalSection(TestCaseManagementSettings) = postSolution
		CategoryFile = CGPipelineClassLibrary.vsmdi
	EndGlobalSection
	GlobalSection(SolutionConfigurationPlatforms) = preSolution
		Debug|Any CPU = Debug|Any CPU
		Release|Any CPU = Release|Any CPU
	EndGlobalSection
	GlobalSection(ProjectConfigurationPlatforms) = postSolution
		{E73DBBD4-9946-42ED-99F9-B5F4B6CED9A9}.Debug|Any CPU.ActiveCfg = Debug|Any CPU
		{E73DBBD4-9946-42ED-99F9-B5F4B6CED9A9}.Debug|Any CPU.Build.0 = Debug|Any CPU
		{E73DBBD4-9946-42ED-99F9-B5F4B6CED9A9}.Release|Any CPU.ActiveCfg = Release|Any CPU
		{E73DBBD4-9946-42ED-99F9-B5F4B6CED9A9}.Release|Any CPU.Build.0 = Release|Any CPU
		{4C9613AF-3522-449F-9E3F-1060CA5721CA}.Debug|Any CPU.ActiveCfg = Debug|Any CPU
		{4C9613AF-3522-449F-9E3F-1060CA5721CA}.Debug|Any CPU.Build.0 = Debug|Any CPU
		{4C9613AF-3522-449F-9E3F-1060CA5721CA}.Release|Any CPU.ActiveCfg = Release|Any CPU
		{4C9613AF-3522-449F-9E3F-1060CA5721CA}.Release|Any CPU.Build.0 = Release|Any CPU
	EndGlobalSection
	GlobalSection(SolutionProperties) = preSolution
		HideSolutionNode = FALSE
	EndGlobalSection
EndGlobal
